
Microsoft Visual Studio Solution File, Format Version 12.00
# Visual Studio Version 16
VisualStudioVersion = 16.0.31402.337
MinimumVisualStudioVersion = 10.0.40219.1
Project("{9A19103F-16F7-4668-BE54-9A1E7A4F7556}") = "WebApi", "WebApi\WebApi.csproj", "{D590D6C0-FD3D-42DB-9E49-46C45B68B6EF}"
EndProject
Project("{FAE04EC0-301F-11D3-BF4B-00C04F79EFBC}") = "Domain", "Domain\Domain.csproj", "{08212373-E2BC-4406-A293-01C098C8665D}"
EndProject
Project("{2150E333-8FDC-42A3-9474-1A3956D46DE8}") = "Src", "Src", "{4F43C9FA-971C-4B09-A3D1-6CC2627ADF5D}"
EndProject
Project("{2150E333-8FDC-42A3-9474-1A3956D46DE8}") = "Core", "Core", "{17DC110C-2EB7-4A78-B5E3-3A5B98F63CEC}"
EndProject
Project("{2150E333-8FDC-42A3-9474-1A3956D46DE8}") = "Infrastructure", "Infrastructure", "{8C3F4970-0CB3-4974-B921-EF1FBFB8F0ED}"
EndProject
Project("{2150E333-8FDC-42A3-9474-1A3956D46DE8}") = "Presentation", "Presentation", "{205B310C-19C7-434A-89D2-7C75168169C0}"
EndProject
Project("{FAE04EC0-301F-11D3-BF4B-00C04F79EFBC}") = "Common", "Common\Common.csproj", "{E3BAA1B6-E7D9-4D61-AA06-E4EE41B39F0D}"
EndProject
Project("{FAE04EC0-301F-11D3-BF4B-00C04F79EFBC}") = "Application", "Application\Application.csproj", "{37E1714A-4079-4100-8698-E3BC24A6BA0D}"
EndProject
Project("{FAE04EC0-301F-11D3-BF4B-00C04F79EFBC}") = "Persistence", "Persistence\Persistence.csproj", "{02AB30D4-1DD7-469A-816A-443B4872ABC2}"
EndProject
Project("{FAE04EC0-301F-11D3-BF4B-00C04F79EFBC}") = "Infrastructure", "Infrastructure\Infrastructure.csproj", "{1C7A5F3A-26F3-4722-983E-988F234EDBFA}"
EndProject
Global
	GlobalSection(SolutionConfigurationPlatforms) = preSolution
		Debug|Any CPU = Debug|Any CPU
		Release|Any CPU = Release|Any CPU
	EndGlobalSection
	GlobalSection(ProjectConfigurationPlatforms) = postSolution
		{D590D6C0-FD3D-42DB-9E49-46C45B68B6EF}.Debug|Any CPU.ActiveCfg = Debug|Any CPU
		{D590D6C0-FD3D-42DB-9E49-46C45B68B6EF}.Debug|Any CPU.Build.0 = Debug|Any CPU
		{D590D6C0-FD3D-42DB-9E49-46C45B68B6EF}.Release|Any CPU.ActiveCfg = Release|Any CPU
		{D590D6C0-FD3D-42DB-9E49-46C45B68B6EF}.Release|Any CPU.Build.0 = Release|Any CPU
		{08212373-E2BC-4406-A293-01C098C8665D}.Debug|Any CPU.ActiveCfg = Debug|Any CPU
		{08212373-E2BC-4406-A293-01C098C8665D}.Debug|Any CPU.Build.0 = Debug|Any CPU
		{08212373-E2BC-4406-A293-01C098C8665D}.Release|Any CPU.ActiveCfg = Release|Any CPU
		{08212373-E2BC-4406-A293-01C098C8665D}.Release|Any CPU.Build.0 = Release|Any CPU
		{E3BAA1B6-E7D9-4D61-AA06-E4EE41B39F0D}.Debug|Any CPU.ActiveCfg = Debug|Any CPU
		{E3BAA1B6-E7D9-4D61-AA06-E4EE41B39F0D}.Debug|Any CPU.Build.0 = Debug|Any CPU
		{E3BAA1B6-E7D9-4D61-AA06-E4EE41B39F0D}.Release|Any CPU.ActiveCfg = Release|Any CPU
		{E3BAA1B6-E7D9-4D61-AA06-E4EE41B39F0D}.Release|Any CPU.Build.0 = Release|Any CPU
		{37E1714A-4079-4100-8698-E3BC24A6BA0D}.Debug|Any CPU.ActiveCfg = Debug|Any CPU
		{37E1714A-4079-4100-8698-E3BC24A6BA0D}.Debug|Any CPU.Build.0 = Debug|Any CPU
		{37E1714A-4079-4100-8698-E3BC24A6BA0D}.Release|Any CPU.ActiveCfg = Release|Any CPU
		{37E1714A-4079-4100-8698-E3BC24A6BA0D}.Release|Any CPU.Build.0 = Release|Any CPU
		{02AB30D4-1DD7-469A-816A-443B4872ABC2}.Debug|Any CPU.ActiveCfg = Debug|Any CPU
		{02AB30D4-1DD7-469A-816A-443B4872ABC2}.Debug|Any CPU.Build.0 = Debug|Any CPU
		{02AB30D4-1DD7-469A-816A-443B4872ABC2}.Release|Any CPU.ActiveCfg = Release|Any CPU
		{02AB30D4-1DD7-469A-816A-443B4872ABC2}.Release|Any CPU.Build.0 = Release|Any CPU
		{1C7A5F3A-26F3-4722-983E-988F234EDBFA}.Debug|Any CPU.ActiveCfg = Debug|Any CPU
		{1C7A5F3A-26F3-4722-983E-988F234EDBFA}.Debug|Any CPU.Build.0 = Debug|Any CPU
		{1C7A5F3A-26F3-4722-983E-988F234EDBFA}.Release|Any CPU.ActiveCfg = Release|Any CPU
		{1C7A5F3A-26F3-4722-983E-988F234EDBFA}.Release|Any CPU.Build.0 = Release|Any CPU
	EndGlobalSection
	GlobalSection(SolutionProperties) = preSolution
		HideSolutionNode = FALSE
	EndGlobalSection
	GlobalSection(NestedProjects) = preSolution
		{D590D6C0-FD3D-42DB-9E49-46C45B68B6EF} = {205B310C-19C7-434A-89D2-7C75168169C0}
		{08212373-E2BC-4406-A293-01C098C8665D} = {17DC110C-2EB7-4A78-B5E3-3A5B98F63CEC}
		{17DC110C-2EB7-4A78-B5E3-3A5B98F63CEC} = {4F43C9FA-971C-4B09-A3D1-6CC2627ADF5D}
		{8C3F4970-0CB3-4974-B921-EF1FBFB8F0ED} = {4F43C9FA-971C-4B09-A3D1-6CC2627ADF5D}
		{205B310C-19C7-434A-89D2-7C75168169C0} = {4F43C9FA-971C-4B09-A3D1-6CC2627ADF5D}
		{E3BAA1B6-E7D9-4D61-AA06-E4EE41B39F0D} = {17DC110C-2EB7-4A78-B5E3-3A5B98F63CEC}
		{37E1714A-4079-4100-8698-E3BC24A6BA0D} = {17DC110C-2EB7-4A78-B5E3-3A5B98F63CEC}
		{02AB30D4-1DD7-469A-816A-443B4872ABC2} = {8C3F4970-0CB3-4974-B921-EF1FBFB8F0ED}
		{1C7A5F3A-26F3-4722-983E-988F234EDBFA} = {8C3F4970-0CB3-4974-B921-EF1FBFB8F0ED}
	EndGlobalSection
	GlobalSection(ExtensibilityGlobals) = postSolution
		SolutionGuid = {FB786122-7541-4565-A3E2-573945D34ED6}
	EndGlobalSection
EndGlobal
